
Microsoft Visual Studio Solution File, Format Version 11.00
# Visual Studio 2010
Project("{FAE04EC0-301F-11D3-BF4B-00C04F79EFBC}") = "SheetYourself", "SheetYourself\SheetYourself.csproj", "{9CF75DA7-B8E9-4DCB-9E1F-279A12BD50F8}"
EndProject
Global
	GlobalSection(SolutionConfigurationPlatforms) = preSolution
		Debug|x86 = Debug|x86
		Release|x86 = Release|x86
	EndGlobalSection
	GlobalSection(ProjectConfigurationPlatforms) = postSolution
		{9CF75DA7-B8E9-4DCB-9E1F-279A12BD50F8}.Debug|x86.ActiveCfg = Debug|x86
		{9CF75DA7-B8E9-4DCB-9E1F-279A12BD50F8}.Debug|x86.Build.0 = Debug|x86
		{9CF75DA7-B8E9-4DCB-9E1F-279A12BD50F8}.Release|x86.ActiveCfg = Release|x86
		{9CF75DA7-B8E9-4DCB-9E1F-279A12BD50F8}.Release|x86.Build.0 = Release|x86
	EndGlobalSection
	GlobalSection(SolutionProperties) = preSolution
		HideSolutionNode = FALSE
	EndGlobalSection
EndGlobal
